
Microsoft Visual Studio Solution File, Format Version 12.00
# Visual Studio Version 16
VisualStudioVersion = 16.0.30907.101
MinimumVisualStudioVersion = 10.0.40219.1
Project("{FAE04EC0-301F-11D3-BF4B-00C04F79EFBC}") = "Ampel_Event", "Ampel_Event\Ampel_Event.csproj", "{19EE5A91-C6F8-4DCB-8B66-4968579A52B0}"
EndProject
Global
	GlobalSection(SolutionConfigurationPlatforms) = preSolution
		Debug|Any CPU = Debug|Any CPU
		Release|Any CPU = Release|Any CPU
	EndGlobalSection
	GlobalSection(ProjectConfigurationPlatforms) = postSolution
		{19EE5A91-C6F8-4DCB-8B66-4968579A52B0}.Debug|Any CPU.ActiveCfg = Debug|Any CPU
		{19EE5A91-C6F8-4DCB-8B66-4968579A52B0}.Debug|Any CPU.Build.0 = Debug|Any CPU
		{19EE5A91-C6F8-4DCB-8B66-4968579A52B0}.Release|Any CPU.ActiveCfg = Release|Any CPU
		{19EE5A91-C6F8-4DCB-8B66-4968579A52B0}.Release|Any CPU.Build.0 = Release|Any CPU
	EndGlobalSection
	GlobalSection(SolutionProperties) = preSolution
		HideSolutionNode = FALSE
	EndGlobalSection
	GlobalSection(ExtensibilityGlobals) = postSolution
		SolutionGuid = {69967E91-CC77-4450-841A-509B4E549114}
	EndGlobalSection
EndGlobal
