
Microsoft Visual Studio Solution File, Format Version 12.00
# Visual Studio Version 16
VisualStudioVersion = 16.0.30621.155
MinimumVisualStudioVersion = 10.0.40219.1
Project("{FAE04EC0-301F-11D3-BF4B-00C04F79EFBC}") = "Sanduhr", "Sanduhr\Sanduhr.csproj", "{2E4E2235-A3FA-46A8-BCD4-D6AF9A47140C}"
EndProject
Global
	GlobalSection(SolutionConfigurationPlatforms) = preSolution
		Debug|Any CPU = Debug|Any CPU
		Release|Any CPU = Release|Any CPU
	EndGlobalSection
	GlobalSection(ProjectConfigurationPlatforms) = postSolution
		{2E4E2235-A3FA-46A8-BCD4-D6AF9A47140C}.Debug|Any CPU.ActiveCfg = Debug|Any CPU
		{2E4E2235-A3FA-46A8-BCD4-D6AF9A47140C}.Debug|Any CPU.Build.0 = Debug|Any CPU
		{2E4E2235-A3FA-46A8-BCD4-D6AF9A47140C}.Release|Any CPU.ActiveCfg = Release|Any CPU
		{2E4E2235-A3FA-46A8-BCD4-D6AF9A47140C}.Release|Any CPU.Build.0 = Release|Any CPU
	EndGlobalSection
	GlobalSection(SolutionProperties) = preSolution
		HideSolutionNode = FALSE
	EndGlobalSection
	GlobalSection(ExtensibilityGlobals) = postSolution
		SolutionGuid = {7403C625-6909-449E-8FD4-82ECF78C49A7}
	EndGlobalSection
EndGlobal
