
Microsoft Visual Studio Solution File, Format Version 12.00
# Visual Studio Version 16
VisualStudioVersion = 16.0.30621.155
MinimumVisualStudioVersion = 10.0.40219.1
Project("{FAE04EC0-301F-11D3-BF4B-00C04F79EFBC}") = "Abstandsberechnung mit Geo-Koordinaten", "Abstandsberechnung mit Geo-Koordinaten\Abstandsberechnung mit Geo-Koordinaten.csproj", "{CC881605-18DD-4C55-9399-639314DBC10B}"
EndProject
Global
	GlobalSection(SolutionConfigurationPlatforms) = preSolution
		Debug|Any CPU = Debug|Any CPU
		Release|Any CPU = Release|Any CPU
	EndGlobalSection
	GlobalSection(ProjectConfigurationPlatforms) = postSolution
		{CC881605-18DD-4C55-9399-639314DBC10B}.Debug|Any CPU.ActiveCfg = Debug|Any CPU
		{CC881605-18DD-4C55-9399-639314DBC10B}.Debug|Any CPU.Build.0 = Debug|Any CPU
		{CC881605-18DD-4C55-9399-639314DBC10B}.Release|Any CPU.ActiveCfg = Release|Any CPU
		{CC881605-18DD-4C55-9399-639314DBC10B}.Release|Any CPU.Build.0 = Release|Any CPU
	EndGlobalSection
	GlobalSection(SolutionProperties) = preSolution
		HideSolutionNode = FALSE
	EndGlobalSection
	GlobalSection(ExtensibilityGlobals) = postSolution
		SolutionGuid = {A6E24D2D-223A-4D5C-B6EB-8E410832D80D}
	EndGlobalSection
EndGlobal
