
Microsoft Visual Studio Solution File, Format Version 12.00
# Visual Studio Version 16
VisualStudioVersion = 16.0.31005.135
MinimumVisualStudioVersion = 10.0.40219.1
Project("{FAE04EC0-301F-11D3-BF4B-00C04F79EFBC}") = "WinForm_und_Event_mit_Thread_lambda", "WinForm_und_Event_mit_Thread\WinForm_und_Event_mit_Thread_lambda.csproj", "{3FCFA2B7-CB89-4809-833D-D5A884E30400}"
EndProject
Global
	GlobalSection(SolutionConfigurationPlatforms) = preSolution
		Debug|Any CPU = Debug|Any CPU
		Release|Any CPU = Release|Any CPU
	EndGlobalSection
	GlobalSection(ProjectConfigurationPlatforms) = postSolution
		{3FCFA2B7-CB89-4809-833D-D5A884E30400}.Debug|Any CPU.ActiveCfg = Debug|Any CPU
		{3FCFA2B7-CB89-4809-833D-D5A884E30400}.Debug|Any CPU.Build.0 = Debug|Any CPU
		{3FCFA2B7-CB89-4809-833D-D5A884E30400}.Release|Any CPU.ActiveCfg = Release|Any CPU
		{3FCFA2B7-CB89-4809-833D-D5A884E30400}.Release|Any CPU.Build.0 = Release|Any CPU
	EndGlobalSection
	GlobalSection(SolutionProperties) = preSolution
		HideSolutionNode = FALSE
	EndGlobalSection
	GlobalSection(ExtensibilityGlobals) = postSolution
		SolutionGuid = {CD17CAD4-0EA2-4C87-986A-C2D9879B39C3}
	EndGlobalSection
EndGlobal
