
Microsoft Visual Studio Solution File, Format Version 12.00
# Visual Studio Version 16
VisualStudioVersion = 16.0.30621.155
MinimumVisualStudioVersion = 10.0.40219.1
Project("{FAE04EC0-301F-11D3-BF4B-00C04F79EFBC}") = "Wertetabelle", "Wertetabelle\Wertetabelle.csproj", "{879B9F51-60E2-411A-82A6-DA99E620C951}"
EndProject
Global
	GlobalSection(SolutionConfigurationPlatforms) = preSolution
		Debug|Any CPU = Debug|Any CPU
		Release|Any CPU = Release|Any CPU
	EndGlobalSection
	GlobalSection(ProjectConfigurationPlatforms) = postSolution
		{879B9F51-60E2-411A-82A6-DA99E620C951}.Debug|Any CPU.ActiveCfg = Debug|Any CPU
		{879B9F51-60E2-411A-82A6-DA99E620C951}.Debug|Any CPU.Build.0 = Debug|Any CPU
		{879B9F51-60E2-411A-82A6-DA99E620C951}.Release|Any CPU.ActiveCfg = Release|Any CPU
		{879B9F51-60E2-411A-82A6-DA99E620C951}.Release|Any CPU.Build.0 = Release|Any CPU
	EndGlobalSection
	GlobalSection(SolutionProperties) = preSolution
		HideSolutionNode = FALSE
	EndGlobalSection
	GlobalSection(ExtensibilityGlobals) = postSolution
		SolutionGuid = {DFDFE5FB-14DE-4BCF-9E5D-AA62DBE2AFF1}
	EndGlobalSection
EndGlobal
