
Microsoft Visual Studio Solution File, Format Version 12.00
# Visual Studio Version 16
VisualStudioVersion = 16.0.30907.101
MinimumVisualStudioVersion = 10.0.40219.1
Project("{FAE04EC0-301F-11D3-BF4B-00C04F79EFBC}") = "Rennschnecken", "Rennschnecken\Rennschnecken.csproj", "{8AF7AE0E-1DAB-4A76-A66B-3C52311E9E21}"
EndProject
Global
	GlobalSection(SolutionConfigurationPlatforms) = preSolution
		Debug|Any CPU = Debug|Any CPU
		Release|Any CPU = Release|Any CPU
	EndGlobalSection
	GlobalSection(ProjectConfigurationPlatforms) = postSolution
		{8AF7AE0E-1DAB-4A76-A66B-3C52311E9E21}.Debug|Any CPU.ActiveCfg = Debug|Any CPU
		{8AF7AE0E-1DAB-4A76-A66B-3C52311E9E21}.Debug|Any CPU.Build.0 = Debug|Any CPU
		{8AF7AE0E-1DAB-4A76-A66B-3C52311E9E21}.Release|Any CPU.ActiveCfg = Release|Any CPU
		{8AF7AE0E-1DAB-4A76-A66B-3C52311E9E21}.Release|Any CPU.Build.0 = Release|Any CPU
	EndGlobalSection
	GlobalSection(SolutionProperties) = preSolution
		HideSolutionNode = FALSE
	EndGlobalSection
	GlobalSection(ExtensibilityGlobals) = postSolution
		SolutionGuid = {63FDEF67-22E9-4155-8B65-6797F8AD490D}
	EndGlobalSection
EndGlobal
