
Microsoft Visual Studio Solution File, Format Version 12.00
# Visual Studio Version 16
VisualStudioVersion = 16.0.30621.155
MinimumVisualStudioVersion = 10.0.40219.1
Project("{FAE04EC0-301F-11D3-BF4B-00C04F79EFBC}") = "Übungsaufgebe_Vorlesung2", "Übungsaufgebe_Vorlesung2\Übungsaufgebe_Vorlesung2.csproj", "{C1CFF981-3F61-4D3F-8CEC-A270BB564942}"
EndProject
Global
	GlobalSection(SolutionConfigurationPlatforms) = preSolution
		Debug|Any CPU = Debug|Any CPU
		Release|Any CPU = Release|Any CPU
	EndGlobalSection
	GlobalSection(ProjectConfigurationPlatforms) = postSolution
		{C1CFF981-3F61-4D3F-8CEC-A270BB564942}.Debug|Any CPU.ActiveCfg = Debug|Any CPU
		{C1CFF981-3F61-4D3F-8CEC-A270BB564942}.Debug|Any CPU.Build.0 = Debug|Any CPU
		{C1CFF981-3F61-4D3F-8CEC-A270BB564942}.Release|Any CPU.ActiveCfg = Release|Any CPU
		{C1CFF981-3F61-4D3F-8CEC-A270BB564942}.Release|Any CPU.Build.0 = Release|Any CPU
	EndGlobalSection
	GlobalSection(SolutionProperties) = preSolution
		HideSolutionNode = FALSE
	EndGlobalSection
	GlobalSection(ExtensibilityGlobals) = postSolution
		SolutionGuid = {06DCE181-2840-4D1A-A642-4FB09B21CB7C}
	EndGlobalSection
EndGlobal
