
Microsoft Visual Studio Solution File, Format Version 12.00
# Visual Studio Version 16
VisualStudioVersion = 16.0.30621.155
MinimumVisualStudioVersion = 10.0.40219.1
Project("{FAE04EC0-301F-11D3-BF4B-00C04F79EFBC}") = "Mitternachtsformel", "Mitternachtsformel\Mitternachtsformel.csproj", "{25DDD94A-D3F8-45AD-A381-50B93559CA05}"
EndProject
Global
	GlobalSection(SolutionConfigurationPlatforms) = preSolution
		Debug|Any CPU = Debug|Any CPU
		Release|Any CPU = Release|Any CPU
	EndGlobalSection
	GlobalSection(ProjectConfigurationPlatforms) = postSolution
		{25DDD94A-D3F8-45AD-A381-50B93559CA05}.Debug|Any CPU.ActiveCfg = Debug|Any CPU
		{25DDD94A-D3F8-45AD-A381-50B93559CA05}.Debug|Any CPU.Build.0 = Debug|Any CPU
		{25DDD94A-D3F8-45AD-A381-50B93559CA05}.Release|Any CPU.ActiveCfg = Release|Any CPU
		{25DDD94A-D3F8-45AD-A381-50B93559CA05}.Release|Any CPU.Build.0 = Release|Any CPU
	EndGlobalSection
	GlobalSection(SolutionProperties) = preSolution
		HideSolutionNode = FALSE
	EndGlobalSection
	GlobalSection(ExtensibilityGlobals) = postSolution
		SolutionGuid = {0A2B45E6-A308-4312-BED3-CB01F0959193}
	EndGlobalSection
EndGlobal
