
Microsoft Visual Studio Solution File, Format Version 12.00
# Visual Studio Version 16
VisualStudioVersion = 16.0.30621.155
MinimumVisualStudioVersion = 10.0.40219.1
Project("{FAE04EC0-301F-11D3-BF4B-00C04F79EFBC}") = "AbstandsBerechnungMitGeoKoordinaten", "AbstandsBerechnungMitGeoKoordinaten\AbstandsBerechnungMitGeoKoordinaten.csproj", "{0A1D4D4F-A773-4ED8-B1CC-1489503FF79F}"
EndProject
Global
	GlobalSection(SolutionConfigurationPlatforms) = preSolution
		Debug|Any CPU = Debug|Any CPU
		Release|Any CPU = Release|Any CPU
	EndGlobalSection
	GlobalSection(ProjectConfigurationPlatforms) = postSolution
		{0A1D4D4F-A773-4ED8-B1CC-1489503FF79F}.Debug|Any CPU.ActiveCfg = Debug|Any CPU
		{0A1D4D4F-A773-4ED8-B1CC-1489503FF79F}.Debug|Any CPU.Build.0 = Debug|Any CPU
		{0A1D4D4F-A773-4ED8-B1CC-1489503FF79F}.Release|Any CPU.ActiveCfg = Release|Any CPU
		{0A1D4D4F-A773-4ED8-B1CC-1489503FF79F}.Release|Any CPU.Build.0 = Release|Any CPU
	EndGlobalSection
	GlobalSection(SolutionProperties) = preSolution
		HideSolutionNode = FALSE
	EndGlobalSection
	GlobalSection(ExtensibilityGlobals) = postSolution
		SolutionGuid = {684CA40B-0570-406F-AC48-A597000AABE2}
	EndGlobalSection
EndGlobal
