
Microsoft Visual Studio Solution File, Format Version 12.00
# Visual Studio Version 16
VisualStudioVersion = 16.0.30621.155
MinimumVisualStudioVersion = 10.0.40219.1
Project("{FAE04EC0-301F-11D3-BF4B-00C04F79EFBC}") = "Übungsaufgabe_Vorlesung", "Übungsaufgabe_Vorlesung\Übungsaufgabe_Vorlesung.csproj", "{34119AA4-C3A5-44B7-AC8F-4BCEA2413E19}"
EndProject
Global
	GlobalSection(SolutionConfigurationPlatforms) = preSolution
		Debug|Any CPU = Debug|Any CPU
		Release|Any CPU = Release|Any CPU
	EndGlobalSection
	GlobalSection(ProjectConfigurationPlatforms) = postSolution
		{34119AA4-C3A5-44B7-AC8F-4BCEA2413E19}.Debug|Any CPU.ActiveCfg = Debug|Any CPU
		{34119AA4-C3A5-44B7-AC8F-4BCEA2413E19}.Debug|Any CPU.Build.0 = Debug|Any CPU
		{34119AA4-C3A5-44B7-AC8F-4BCEA2413E19}.Release|Any CPU.ActiveCfg = Release|Any CPU
		{34119AA4-C3A5-44B7-AC8F-4BCEA2413E19}.Release|Any CPU.Build.0 = Release|Any CPU
	EndGlobalSection
	GlobalSection(SolutionProperties) = preSolution
		HideSolutionNode = FALSE
	EndGlobalSection
	GlobalSection(ExtensibilityGlobals) = postSolution
		SolutionGuid = {11837F4B-B960-480E-9531-C12959CB055D}
	EndGlobalSection
EndGlobal
